// !$*UTF8*$!
{
	archiveVersion = 1;
	classes = {
	};
	objectVersion = 46;
	objects = {

/* Begin PBXBuildFile section */
		CB03BFEA1DA417180053E4CB /* PreviewViewController.swift in Sources */ = {isa = PBXBuildFile; fileRef = CB03BFE91DA417180053E4CB /* PreviewViewController.swift */; };
		CB03BFF51DA44D860053E4CB /* ImageCollectionViewItem.swift in Sources */ = {isa = PBXBuildFile; fileRef = CB03BFF31DA44D860053E4CB /* ImageCollectionViewItem.swift */; };
		CB03BFF61DA44D860053E4CB /* ImageCollectionViewItem.xib in Resources */ = {isa = PBXBuildFile; fileRef = CB03BFF41DA44D860053E4CB /* ImageCollectionViewItem.xib */; };
		CB03BFFA1DA49E8E0053E4CB /* ImageCollectionLayout.swift in Sources */ = {isa = PBXBuildFile; fileRef = CB03BFF91DA49E8E0053E4CB /* ImageCollectionLayout.swift */; };
		CB05AC2A1F4C833B009075C1 /* GroupedHeaderButton.swift in Sources */ = {isa = PBXBuildFile; fileRef = CB05AC291F4C833B009075C1 /* GroupedHeaderButton.swift */; };
		CB05AC2C1F4C8E86009075C1 /* StringExtension.swift in Sources */ = {isa = PBXBuildFile; fileRef = CB05AC2B1F4C8E86009075C1 /* StringExtension.swift */; };
		CB0828A81DA0C4D900CD4C36 /* AppDelegate.swift in Sources */ = {isa = PBXBuildFile; fileRef = CB0828A71DA0C4D900CD4C36 /* AppDelegate.swift */; };
		CB0828AA1DA0C4D900CD4C36 /* MainViewController.swift in Sources */ = {isa = PBXBuildFile; fileRef = CB0828A91DA0C4D900CD4C36 /* MainViewController.swift */; };
		CB0828AC1DA0C4D900CD4C36 /* Images.xcassets in Resources */ = {isa = PBXBuildFile; fileRef = CB0828AB1DA0C4D900CD4C36 /* Images.xcassets */; };
		CB0828AF1DA0C4D900CD4C36 /* Main.storyboard in Resources */ = {isa = PBXBuildFile; fileRef = CB0828AD1DA0C4D900CD4C36 /* Main.storyboard */; };
		CB0828BB1DA0C4D900CD4C36 /* ContactSheetzTests.swift in Sources */ = {isa = PBXBuildFile; fileRef = CB0828BA1DA0C4D900CD4C36 /* ContactSheetzTests.swift */; };
		CB0828C61DA0D0AE00CD4C36 /* GifCreationHelper.swift in Sources */ = {isa = PBXBuildFile; fileRef = CB0828C51DA0D0AE00CD4C36 /* GifCreationHelper.swift */; };
		CB0828D11DA0DA3500CD4C36 /* VideoFrameExtractor.swift in Sources */ = {isa = PBXBuildFile; fileRef = CB0828D01DA0DA3500CD4C36 /* VideoFrameExtractor.swift */; };
		CB115D6124608AEC0033D8B1 /* libavcodec.58.54.100.dylib in Frameworks */ = {isa = PBXBuildFile; fileRef = CB115D4524607DB80033D8B1 /* libavcodec.58.54.100.dylib */; };
		CB115D6224608AEC0033D8B1 /* libavcodec.58.54.100.dylib in Embed Libraries */ = {isa = PBXBuildFile; fileRef = CB115D4524607DB80033D8B1 /* libavcodec.58.54.100.dylib */; settings = {ATTRIBUTES = (CodeSignOnCopy, ); }; };
		CB115D6324608AEC0033D8B1 /* libavformat.58.29.100.dylib in Frameworks */ = {isa = PBXBuildFile; fileRef = CB115D4624607DB80033D8B1 /* libavformat.58.29.100.dylib */; };
		CB115D6424608AEC0033D8B1 /* libavformat.58.29.100.dylib in Embed Libraries */ = {isa = PBXBuildFile; fileRef = CB115D4624607DB80033D8B1 /* libavformat.58.29.100.dylib */; settings = {ATTRIBUTES = (CodeSignOnCopy, ); }; };
		CB115D6524608AEC0033D8B1 /* libavutil.56.31.100.dylib in Frameworks */ = {isa = PBXBuildFile; fileRef = CB115D4324607DB80033D8B1 /* libavutil.56.31.100.dylib */; };
		CB115D6624608AEC0033D8B1 /* libavutil.56.31.100.dylib in Embed Libraries */ = {isa = PBXBuildFile; fileRef = CB115D4324607DB80033D8B1 /* libavutil.56.31.100.dylib */; settings = {ATTRIBUTES = (CodeSignOnCopy, ); }; };
		CB115D6724608AEC0033D8B1 /* libmediainfo.0.dylib in Frameworks */ = {isa = PBXBuildFile; fileRef = CB115D4724607DB80033D8B1 /* libmediainfo.0.dylib */; };
		CB115D6824608AEC0033D8B1 /* libmediainfo.0.dylib in Embed Libraries */ = {isa = PBXBuildFile; fileRef = CB115D4724607DB80033D8B1 /* libmediainfo.0.dylib */; settings = {ATTRIBUTES = (CodeSignOnCopy, ); }; };
		CB115D6924608AEC0033D8B1 /* libswscale.5.5.100.dylib in Frameworks */ = {isa = PBXBuildFile; fileRef = CB115D4824607DB80033D8B1 /* libswscale.5.5.100.dylib */; };
		CB115D6A24608AEC0033D8B1 /* libswscale.5.5.100.dylib in Embed Libraries */ = {isa = PBXBuildFile; fileRef = CB115D4824607DB80033D8B1 /* libswscale.5.5.100.dylib */; settings = {ATTRIBUTES = (CodeSignOnCopy, ); }; };
		CB115D6D24608AEC0033D8B1 /* libMagickWand-7.Q16HDRI.7.dylib in Frameworks */ = {isa = PBXBuildFile; fileRef = CB115D6C24608AEC0033D8B1 /* libMagickWand-7.Q16HDRI.7.dylib */; };
		CB115D6E24608AEC0033D8B1 /* libMagickWand-7.Q16HDRI.7.dylib in Embed Libraries */ = {isa = PBXBuildFile; fileRef = CB115D6C24608AEC0033D8B1 /* libMagickWand-7.Q16HDRI.7.dylib */; settings = {ATTRIBUTES = (CodeSignOnCopy, ); }; };
		CB243BB61DD0EDE300933617 /* SettingsController.swift in Sources */ = {isa = PBXBuildFile; fileRef = CB243BB51DD0EDE300933617 /* SettingsController.swift */; };
		CB245FCA1DC140CB00DBE5FA /* ContactSheetCreator.swift in Sources */ = {isa = PBXBuildFile; fileRef = CB245FC91DC140CB00DBE5FA /* ContactSheetCreator.swift */; };
		CB245FCC1DC185E900DBE5FA /* QuartzCore.framework in Frameworks */ = {isa = PBXBuildFile; fileRef = CB245FCB1DC185E900DBE5FA /* QuartzCore.framework */; };
		CB245FCE1DC24B5700DBE5FA /* FileDropView.swift in Sources */ = {isa = PBXBuildFile; fileRef = CB245FCD1DC24B5700DBE5FA /* FileDropView.swift */; };
		CB245FD01DC2B7C100DBE5FA /* MainWindowView.swift in Sources */ = {isa = PBXBuildFile; fileRef = CB245FCF1DC2B7C100DBE5FA /* MainWindowView.swift */; };
		CB245FD41DC2BF9000DBE5FA /* checkmark.png in Resources */ = {isa = PBXBuildFile; fileRef = CB245FD21DC2BF9000DBE5FA /* checkmark.png */; };
		CB245FD51DC2BF9000DBE5FA /* cross.png in Resources */ = {isa = PBXBuildFile; fileRef = CB245FD31DC2BF9000DBE5FA /* cross.png */; };
		CB245FD91DC2D2F900DBE5FA /* question_mark.png in Resources */ = {isa = PBXBuildFile; fileRef = CB245FD81DC2D2F900DBE5FA /* question_mark.png */; };
		CB245FDB1DC2D3FC00DBE5FA /* OpaqueImageView.swift in Sources */ = {isa = PBXBuildFile; fileRef = CB245FDA1DC2D3FC00DBE5FA /* OpaqueImageView.swift */; };
		CB270BEC1DF36536004453D1 /* BatchSettingsView.swift in Sources */ = {isa = PBXBuildFile; fileRef = CB270BEB1DF36536004453D1 /* BatchSettingsView.swift */; };
		CB4686031F61DC580042F6C4 /* NSImageExtension.swift in Sources */ = {isa = PBXBuildFile; fileRef = CB4686021F61DC580042F6C4 /* NSImageExtension.swift */; };
		CB55A9921F604E9E00C1F19A /* BlueButton.swift in Sources */ = {isa = PBXBuildFile; fileRef = CB55A9911F604E9E00C1F19A /* BlueButton.swift */; };
		CB55A9991F605AA200C1F19A /* button.png in Resources */ = {isa = PBXBuildFile; fileRef = CB55A9971F605AA200C1F19A /* button.png */; };
		CB55A99A1F605AA200C1F19A /* pushed_button.png in Resources */ = {isa = PBXBuildFile; fileRef = CB55A9981F605AA200C1F19A /* pushed_button.png */; };
		CB5AA6081F4D26A100A9F542 /* BatchSettingsView.xib in Resources */ = {isa = PBXBuildFile; fileRef = CB5AA6071F4D26A100A9F542 /* BatchSettingsView.xib */; };
		CB6A31ED1DA5D9D200BDF5C5 /* OverlayView.swift in Sources */ = {isa = PBXBuildFile; fileRef = CB6A31EC1DA5D9D200BDF5C5 /* OverlayView.swift */; };
		CB6A31EF1DA6A86200BDF5C5 /* TabbedPreviewViewController.swift in Sources */ = {isa = PBXBuildFile; fileRef = CB6A31EE1DA6A86200BDF5C5 /* TabbedPreviewViewController.swift */; };
		CB6A31F11DA7FE8100BDF5C5 /* ParameterAdjustorView.swift in Sources */ = {isa = PBXBuildFile; fileRef = CB6A31F01DA7FE8100BDF5C5 /* ParameterAdjustorView.swift */; };
		CB6A31F31DA7FE9700BDF5C5 /* ParameterAdjustorView.xib in Resources */ = {isa = PBXBuildFile; fileRef = CB6A31F21DA7FE9700BDF5C5 /* ParameterAdjustorView.xib */; };
		CB76C1B21DD239AF00FAE769 /* Constants.swift in Sources */ = {isa = PBXBuildFile; fileRef = CB76C1B11DD239AF00FAE769 /* Constants.swift */; };
		CB76C1B51DD24B2000FAE769 /* HexColorExtension.swift in Sources */ = {isa = PBXBuildFile; fileRef = CB76C1B41DD24B2000FAE769 /* HexColorExtension.swift */; };
		CB76C1B71DD2501600FAE769 /* ImageCollectionViewClip.swift in Sources */ = {isa = PBXBuildFile; fileRef = CB76C1B61DD2501600FAE769 /* ImageCollectionViewClip.swift */; };
		CB7BBE591DDA278C009EE0E5 /* ContactSheetViewController.swift in Sources */ = {isa = PBXBuildFile; fileRef = CB7BBE581DDA278C009EE0E5 /* ContactSheetViewController.swift */; };
		CB7BBE5B1DDA4D5F009EE0E5 /* PreviewScrollView.swift in Sources */ = {isa = PBXBuildFile; fileRef = CB7BBE5A1DDA4D5F009EE0E5 /* PreviewScrollView.swift */; };
		CB7BBE5D1DDA5965009EE0E5 /* FlippedView.swift in Sources */ = {isa = PBXBuildFile; fileRef = CB7BBE5C1DDA5965009EE0E5 /* FlippedView.swift */; };
		CB7BBE5F1DDBE4B0009EE0E5 /* ParameterAdjustorOverlayView.swift in Sources */ = {isa = PBXBuildFile; fileRef = CB7BBE5E1DDBE4B0009EE0E5 /* ParameterAdjustorOverlayView.swift */; };
		CB8174F91DC972BC00D8A89E /* NonNegativeIntegerTextField.swift in Sources */ = {isa = PBXBuildFile; fileRef = CB8174F81DC972BC00D8A89E /* NonNegativeIntegerTextField.swift */; };
		CB8174FB1DC98A9200D8A89E /* PositiveIntegerTextField.swift in Sources */ = {isa = PBXBuildFile; fileRef = CB8174FA1DC98A9200D8A89E /* PositiveIntegerTextField.swift */; };
		CB8174FD1DC98C1500D8A89E /* AdjustorViewTextField.swift in Sources */ = {isa = PBXBuildFile; fileRef = CB8174FC1DC98C1500D8A89E /* AdjustorViewTextField.swift */; };
		CB8FD3BE1DCC055000D6F5D7 /* ImageCollectionViewHeader.swift in Sources */ = {isa = PBXBuildFile; fileRef = CB8FD3BD1DCC055000D6F5D7 /* ImageCollectionViewHeader.swift */; };
		CB90245C1DE51BEB00D5CC36 /* BatchTableViewHeader.xib in Resources */ = {isa = PBXBuildFile; fileRef = CB90245B1DE51BEB00D5CC36 /* BatchTableViewHeader.xib */; };
		CB90245E1DE51C0800D5CC36 /* BatchTableViewHeader.swift in Sources */ = {isa = PBXBuildFile; fileRef = CB90245D1DE51C0800D5CC36 /* BatchTableViewHeader.swift */; };
		CB9024601DE5221A00D5CC36 /* greyBorderView.swift in Sources */ = {isa = PBXBuildFile; fileRef = CB90245F1DE5221A00D5CC36 /* greyBorderView.swift */; };
		CB9BF4791DD3B2C800F7DF40 /* ImageCollectionViewHeader.xib in Resources */ = {isa = PBXBuildFile; fileRef = CB9BF4781DD3B2C800F7DF40 /* ImageCollectionViewHeader.xib */; };
		CBA2EBC81DA81D8D00EE3131 /* ParameterAdjustorDraggerView.swift in Sources */ = {isa = PBXBuildFile; fileRef = CBA2EBC71DA81D8D00EE3131 /* ParameterAdjustorDraggerView.swift */; };
		CBAF48521DE651F6008D3FC9 /* ImageHelper.swift in Sources */ = {isa = PBXBuildFile; fileRef = CBAF48511DE651F6008D3FC9 /* ImageHelper.swift */; };
		CBB816611E0DC14B00D96A83 /* TooltipImageView.swift in Sources */ = {isa = PBXBuildFile; fileRef = CBB816601E0DC14B00D96A83 /* TooltipImageView.swift */; };
		CBBF4FFB1DA17AEA00908FFE /* AudioVideoBridging.framework in Frameworks */ = {isa = PBXBuildFile; fileRef = CBBF4FFA1DA17AEA00908FFE /* AudioVideoBridging.framework */; };
		CBBF4FFE1DA17AFE00908FFE /* AVFoundation.framework in Frameworks */ = {isa = PBXBuildFile; fileRef = CBBF4FFC1DA17AFE00908FFE /* AVFoundation.framework */; };
		CBBF4FFF1DA17AFE00908FFE /* AVKit.framework in Frameworks */ = {isa = PBXBuildFile; fileRef = CBBF4FFD1DA17AFE00908FFE /* AVKit.framework */; };
		CBBF50021DA17B3200908FFE /* AudioToolbox.framework in Frameworks */ = {isa = PBXBuildFile; fileRef = CBBF50001DA17B3200908FFE /* AudioToolbox.framework */; };
		CBBF50031DA17B3200908FFE /* AudioUnit.framework in Frameworks */ = {isa = PBXBuildFile; fileRef = CBBF50011DA17B3200908FFE /* AudioUnit.framework */; };
		CBBF50121DA17C3E00908FFE /* CoreAudio.framework in Frameworks */ = {isa = PBXBuildFile; fileRef = CBBF500E1DA17C3E00908FFE /* CoreAudio.framework */; };
		CBBF50131DA17C3E00908FFE /* CoreAudioKit.framework in Frameworks */ = {isa = PBXBuildFile; fileRef = CBBF500F1DA17C3E00908FFE /* CoreAudioKit.framework */; };
		CBBF50141DA17C3E00908FFE /* CoreMedia.framework in Frameworks */ = {isa = PBXBuildFile; fileRef = CBBF50101DA17C3E00908FFE /* CoreMedia.framework */; };
		CBBF50151DA17C3E00908FFE /* CoreVideo.framework in Frameworks */ = {isa = PBXBuildFile; fileRef = CBBF50111DA17C3E00908FFE /* CoreVideo.framework */; };
		CBBF50171DA17C6A00908FFE /* VideoDecodeAcceleration.framework in Frameworks */ = {isa = PBXBuildFile; fileRef = CBBF50161DA17C6A00908FFE /* VideoDecodeAcceleration.framework */; };
		CBBF50191DA17C7400908FFE /* CoreFoundation.framework in Frameworks */ = {isa = PBXBuildFile; fileRef = CBBF50181DA17C7400908FFE /* CoreFoundation.framework */; };
		CBBF501B1DA17CB100908FFE /* VideoToolbox.framework in Frameworks */ = {isa = PBXBuildFile; fileRef = CBBF501A1DA17CB100908FFE /* VideoToolbox.framework */; };
		CBDD92471F4CCFDE005B814D /* info.png in Resources */ = {isa = PBXBuildFile; fileRef = CBDD92461F4CCFDE005B814D /* info.png */; };
		CBE51BE31DE3E50600FA0126 /* MainTabbedViewController.swift in Sources */ = {isa = PBXBuildFile; fileRef = CBE51BE21DE3E50600FA0126 /* MainTabbedViewController.swift */; };
		CBE51BE51DE4013D00FA0126 /* BatchTableViewController.swift in Sources */ = {isa = PBXBuildFile; fileRef = CBE51BE41DE4013D00FA0126 /* BatchTableViewController.swift */; };
		CBE51BE71DE40C0A00FA0126 /* BatchFileTableCellView.swift in Sources */ = {isa = PBXBuildFile; fileRef = CBE51BE61DE40C0A00FA0126 /* BatchFileTableCellView.swift */; };
		CBE51BE91DE4B1E600FA0126 /* BatchFileTableView.swift in Sources */ = {isa = PBXBuildFile; fileRef = CBE51BE81DE4B1E600FA0126 /* BatchFileTableView.swift */; };
		CBE72CBE1DCA8FEE004FE16E /* FrameWrapper.swift in Sources */ = {isa = PBXBuildFile; fileRef = CBE72CBD1DCA8FEE004FE16E /* FrameWrapper.swift */; };
/* End PBXBuildFile section */

/* Begin PBXContainerItemProxy section */
		CB0828B51DA0C4D900CD4C36 /* PBXContainerItemProxy */ = {
			isa = PBXContainerItemProxy;
			containerPortal = CB08289A1DA0C4D900CD4C36 /* Project object */;
			proxyType = 1;
			remoteGlobalIDString = CB0828A11DA0C4D900CD4C36;
			remoteInfo = ContactSheetz;
		};
/* End PBXContainerItemProxy section */

/* Begin PBXCopyFilesBuildPhase section */
		CB115D6B24608AEC0033D8B1 /* Embed Libraries */ = {
			isa = PBXCopyFilesBuildPhase;
			buildActionMask = 2147483647;
			dstPath = "";
			dstSubfolderSpec = 10;
			files = (
				CB115D6224608AEC0033D8B1 /* libavcodec.58.54.100.dylib in Embed Libraries */,
				CB115D6624608AEC0033D8B1 /* libavutil.56.31.100.dylib in Embed Libraries */,
				CB115D6E24608AEC0033D8B1 /* libMagickWand-7.Q16HDRI.7.dylib in Embed Libraries */,
				CB115D6424608AEC0033D8B1 /* libavformat.58.29.100.dylib in Embed Libraries */,
				CB115D6A24608AEC0033D8B1 /* libswscale.5.5.100.dylib in Embed Libraries */,
				CB115D6824608AEC0033D8B1 /* libmediainfo.0.dylib in Embed Libraries */,
			);
			name = "Embed Libraries";
			runOnlyForDeploymentPostprocessing = 0;
		};
/* End PBXCopyFilesBuildPhase section */

/* Begin PBXFileReference section */
		CB03BFE91DA417180053E4CB /* PreviewViewController.swift */ = {isa = PBXFileReference; fileEncoding = 4; lastKnownFileType = sourcecode.swift; path = PreviewViewController.swift; sourceTree = "<group>"; };
		CB03BFF31DA44D860053E4CB /* ImageCollectionViewItem.swift */ = {isa = PBXFileReference; fileEncoding = 4; lastKnownFileType = sourcecode.swift; path = ImageCollectionViewItem.swift; sourceTree = "<group>"; };
		CB03BFF41DA44D860053E4CB /* ImageCollectionViewItem.xib */ = {isa = PBXFileReference; fileEncoding = 4; lastKnownFileType = file.xib; path = ImageCollectionViewItem.xib; sourceTree = "<group>"; };
		CB03BFF91DA49E8E0053E4CB /* ImageCollectionLayout.swift */ = {isa = PBXFileReference; fileEncoding = 4; lastKnownFileType = sourcecode.swift; path = ImageCollectionLayout.swift; sourceTree = "<group>"; };
		CB05AC291F4C833B009075C1 /* GroupedHeaderButton.swift */ = {isa = PBXFileReference; fileEncoding = 4; lastKnownFileType = sourcecode.swift; path = GroupedHeaderButton.swift; sourceTree = "<group>"; };
		CB05AC2B1F4C8E86009075C1 /* StringExtension.swift */ = {isa = PBXFileReference; fileEncoding = 4; lastKnownFileType = sourcecode.swift; path = StringExtension.swift; sourceTree = "<group>"; };
		CB0828A21DA0C4D900CD4C36 /* ContactSheetz.app */ = {isa = PBXFileReference; explicitFileType = wrapper.application; includeInIndex = 0; path = ContactSheetz.app; sourceTree = BUILT_PRODUCTS_DIR; };
		CB0828A61DA0C4D900CD4C36 /* Info.plist */ = {isa = PBXFileReference; lastKnownFileType = text.plist.xml; path = Info.plist; sourceTree = "<group>"; };
		CB0828A71DA0C4D900CD4C36 /* AppDelegate.swift */ = {isa = PBXFileReference; lastKnownFileType = sourcecode.swift; path = AppDelegate.swift; sourceTree = "<group>"; };
		CB0828A91DA0C4D900CD4C36 /* MainViewController.swift */ = {isa = PBXFileReference; lastKnownFileType = sourcecode.swift; path = MainViewController.swift; sourceTree = "<group>"; };
		CB0828AB1DA0C4D900CD4C36 /* Images.xcassets */ = {isa = PBXFileReference; lastKnownFileType = folder.assetcatalog; path = Images.xcassets; sourceTree = "<group>"; };
		CB0828AE1DA0C4D900CD4C36 /* Base */ = {isa = PBXFileReference; lastKnownFileType = file.storyboard; name = Base; path = Base.lproj/Main.storyboard; sourceTree = "<group>"; };
		CB0828B41DA0C4D900CD4C36 /* ContactSheetzTests.xctest */ = {isa = PBXFileReference; explicitFileType = wrapper.cfbundle; includeInIndex = 0; path = ContactSheetzTests.xctest; sourceTree = BUILT_PRODUCTS_DIR; };
		CB0828B91DA0C4D900CD4C36 /* Info.plist */ = {isa = PBXFileReference; lastKnownFileType = text.plist.xml; path = Info.plist; sourceTree = "<group>"; };
		CB0828BA1DA0C4D900CD4C36 /* ContactSheetzTests.swift */ = {isa = PBXFileReference; lastKnownFileType = sourcecode.swift; path = ContactSheetzTests.swift; sourceTree = "<group>"; };
		CB0828C51DA0D0AE00CD4C36 /* GifCreationHelper.swift */ = {isa = PBXFileReference; fileEncoding = 4; lastKnownFileType = sourcecode.swift; path = GifCreationHelper.swift; sourceTree = "<group>"; };
		CB0828D01DA0DA3500CD4C36 /* VideoFrameExtractor.swift */ = {isa = PBXFileReference; fileEncoding = 4; lastKnownFileType = sourcecode.swift; path = VideoFrameExtractor.swift; sourceTree = "<group>"; };
		CB115D4324607DB80033D8B1 /* libavutil.56.31.100.dylib */ = {isa = PBXFileReference; lastKnownFileType = "compiled.mach-o.dylib"; name = libavutil.56.31.100.dylib; path = Libs/libavutil.56.31.100.dylib; sourceTree = "<group>"; };
		CB115D4524607DB80033D8B1 /* libavcodec.58.54.100.dylib */ = {isa = PBXFileReference; lastKnownFileType = "compiled.mach-o.dylib"; name = libavcodec.58.54.100.dylib; path = Libs/libavcodec.58.54.100.dylib; sourceTree = "<group>"; };
		CB115D4624607DB80033D8B1 /* libavformat.58.29.100.dylib */ = {isa = PBXFileReference; lastKnownFileType = "compiled.mach-o.dylib"; name = libavformat.58.29.100.dylib; path = Libs/libavformat.58.29.100.dylib; sourceTree = "<group>"; };
		CB115D4724607DB80033D8B1 /* libmediainfo.0.dylib */ = {isa = PBXFileReference; lastKnownFileType = "compiled.mach-o.dylib"; name = libmediainfo.0.dylib; path = Libs/libmediainfo.0.dylib; sourceTree = "<group>"; };
		CB115D4824607DB80033D8B1 /* libswscale.5.5.100.dylib */ = {isa = PBXFileReference; lastKnownFileType = "compiled.mach-o.dylib"; name = libswscale.5.5.100.dylib; path = Libs/libswscale.5.5.100.dylib; sourceTree = "<group>"; };
		CB115D592460891D0033D8B1 /* libMagickCore-7.Q16HDRI.7.dylib */ = {isa = PBXFileReference; lastKnownFileType = "compiled.mach-o.dylib"; name = "libMagickCore-7.Q16HDRI.7.dylib"; path = "../../../../usr/local/Cellar/imagemagick/7.0.9-27/lib/libMagickCore-7.Q16HDRI.7.dylib"; sourceTree = "<group>"; };
		CB115D5E246089D30033D8B1 /* libMagickWand-7.Q16HDRI.7.dylib */ = {isa = PBXFileReference; lastKnownFileType = "compiled.mach-o.dylib"; name = "libMagickWand-7.Q16HDRI.7.dylib"; path = "../../../../usr/local/Cellar/imagemagick/7.0.9-27/lib/libMagickWand-7.Q16HDRI.7.dylib"; sourceTree = "<group>"; };
		CB115D6C24608AEC0033D8B1 /* libMagickWand-7.Q16HDRI.7.dylib */ = {isa = PBXFileReference; lastKnownFileType = "compiled.mach-o.dylib"; name = "libMagickWand-7.Q16HDRI.7.dylib"; path = "Libs/libMagickWand-7.Q16HDRI.7.dylib"; sourceTree = "<group>"; };
		CB115D6F246093040033D8B1 /* libpng16.16.dylib */ = {isa = PBXFileReference; lastKnownFileType = "compiled.mach-o.dylib"; name = libpng16.16.dylib; path = Libs/libpng16.16.dylib; sourceTree = "<group>"; };
		CB115D732460A1580033D8B1 /* ImageMagick */ = {isa = PBXFileReference; lastKnownFileType = folder; name = ImageMagick; path = Libs/ImageMagick; sourceTree = "<group>"; };
		CB22C2C11DC7E533003F2E1D /* ContactSheetz-Bridging-Header.h */ = {isa = PBXFileReference; lastKnownFileType = sourcecode.c.h; path = "ContactSheetz-Bridging-Header.h"; sourceTree = SOURCE_ROOT; };
		CB243BB51DD0EDE300933617 /* SettingsController.swift */ = {isa = PBXFileReference; fileEncoding = 4; lastKnownFileType = sourcecode.swift; path = SettingsController.swift; sourceTree = "<group>"; };
		CB245FC91DC140CB00DBE5FA /* ContactSheetCreator.swift */ = {isa = PBXFileReference; fileEncoding = 4; lastKnownFileType = sourcecode.swift; path = ContactSheetCreator.swift; sourceTree = "<group>"; };
		CB245FCB1DC185E900DBE5FA /* QuartzCore.framework */ = {isa = PBXFileReference; lastKnownFileType = wrapper.framework; name = QuartzCore.framework; path = System/Library/Frameworks/QuartzCore.framework; sourceTree = SDKROOT; };
		CB245FCD1DC24B5700DBE5FA /* FileDropView.swift */ = {isa = PBXFileReference; fileEncoding = 4; lastKnownFileType = sourcecode.swift; path = FileDropView.swift; sourceTree = "<group>"; };
		CB245FCF1DC2B7C100DBE5FA /* MainWindowView.swift */ = {isa = PBXFileReference; fileEncoding = 4; lastKnownFileType = sourcecode.swift; path = MainWindowView.swift; sourceTree = "<group>"; };
		CB245FD21DC2BF9000DBE5FA /* checkmark.png */ = {isa = PBXFileReference; lastKnownFileType = image.png; path = checkmark.png; sourceTree = "<group>"; };
		CB245FD31DC2BF9000DBE5FA /* cross.png */ = {isa = PBXFileReference; lastKnownFileType = image.png; path = cross.png; sourceTree = "<group>"; };
		CB245FD81DC2D2F900DBE5FA /* question_mark.png */ = {isa = PBXFileReference; lastKnownFileType = image.png; path = question_mark.png; sourceTree = "<group>"; };
		CB245FDA1DC2D3FC00DBE5FA /* OpaqueImageView.swift */ = {isa = PBXFileReference; fileEncoding = 4; lastKnownFileType = sourcecode.swift; path = OpaqueImageView.swift; sourceTree = "<group>"; };
		CB270BEB1DF36536004453D1 /* BatchSettingsView.swift */ = {isa = PBXFileReference; fileEncoding = 4; lastKnownFileType = sourcecode.swift; path = BatchSettingsView.swift; sourceTree = "<group>"; };
		CB4686021F61DC580042F6C4 /* NSImageExtension.swift */ = {isa = PBXFileReference; fileEncoding = 4; lastKnownFileType = sourcecode.swift; path = NSImageExtension.swift; sourceTree = "<group>"; };
		CB55A9911F604E9E00C1F19A /* BlueButton.swift */ = {isa = PBXFileReference; fileEncoding = 4; lastKnownFileType = sourcecode.swift; path = BlueButton.swift; sourceTree = "<group>"; };
		CB55A9971F605AA200C1F19A /* button.png */ = {isa = PBXFileReference; lastKnownFileType = image.png; path = button.png; sourceTree = "<group>"; };
		CB55A9981F605AA200C1F19A /* pushed_button.png */ = {isa = PBXFileReference; lastKnownFileType = image.png; path = pushed_button.png; sourceTree = "<group>"; };
		CB5AA6071F4D26A100A9F542 /* BatchSettingsView.xib */ = {isa = PBXFileReference; fileEncoding = 4; lastKnownFileType = file.xib; path = BatchSettingsView.xib; sourceTree = "<group>"; };
		CB6A31EC1DA5D9D200BDF5C5 /* OverlayView.swift */ = {isa = PBXFileReference; fileEncoding = 4; lastKnownFileType = sourcecode.swift; path = OverlayView.swift; sourceTree = "<group>"; };
		CB6A31EE1DA6A86200BDF5C5 /* TabbedPreviewViewController.swift */ = {isa = PBXFileReference; fileEncoding = 4; lastKnownFileType = sourcecode.swift; path = TabbedPreviewViewController.swift; sourceTree = "<group>"; };
		CB6A31F01DA7FE8100BDF5C5 /* ParameterAdjustorView.swift */ = {isa = PBXFileReference; fileEncoding = 4; lastKnownFileType = sourcecode.swift; path = ParameterAdjustorView.swift; sourceTree = "<group>"; };
		CB6A31F21DA7FE9700BDF5C5 /* ParameterAdjustorView.xib */ = {isa = PBXFileReference; fileEncoding = 4; lastKnownFileType = file.xib; path = ParameterAdjustorView.xib; sourceTree = "<group>"; };
		CB76C1B11DD239AF00FAE769 /* Constants.swift */ = {isa = PBXFileReference; fileEncoding = 4; lastKnownFileType = sourcecode.swift; path = Constants.swift; sourceTree = "<group>"; };
		CB76C1B41DD24B2000FAE769 /* HexColorExtension.swift */ = {isa = PBXFileReference; fileEncoding = 4; lastKnownFileType = sourcecode.swift; path = HexColorExtension.swift; sourceTree = "<group>"; };
		CB76C1B61DD2501600FAE769 /* ImageCollectionViewClip.swift */ = {isa = PBXFileReference; fileEncoding = 4; lastKnownFileType = sourcecode.swift; path = ImageCollectionViewClip.swift; sourceTree = "<group>"; };
		CB7BBE581DDA278C009EE0E5 /* ContactSheetViewController.swift */ = {isa = PBXFileReference; fileEncoding = 4; lastKnownFileType = sourcecode.swift; path = ContactSheetViewController.swift; sourceTree = "<group>"; };
		CB7BBE5A1DDA4D5F009EE0E5 /* PreviewScrollView.swift */ = {isa = PBXFileReference; fileEncoding = 4; lastKnownFileType = sourcecode.swift; path = PreviewScrollView.swift; sourceTree = "<group>"; };
		CB7BBE5C1DDA5965009EE0E5 /* FlippedView.swift */ = {isa = PBXFileReference; fileEncoding = 4; lastKnownFileType = sourcecode.swift; path = FlippedView.swift; sourceTree = "<group>"; };
		CB7BBE5E1DDBE4B0009EE0E5 /* ParameterAdjustorOverlayView.swift */ = {isa = PBXFileReference; fileEncoding = 4; lastKnownFileType = sourcecode.swift; path = ParameterAdjustorOverlayView.swift; sourceTree = "<group>"; };
		CB8174F81DC972BC00D8A89E /* NonNegativeIntegerTextField.swift */ = {isa = PBXFileReference; fileEncoding = 4; lastKnownFileType = sourcecode.swift; path = NonNegativeIntegerTextField.swift; sourceTree = "<group>"; };
		CB8174FA1DC98A9200D8A89E /* PositiveIntegerTextField.swift */ = {isa = PBXFileReference; fileEncoding = 4; lastKnownFileType = sourcecode.swift; path = PositiveIntegerTextField.swift; sourceTree = "<group>"; };
		CB8174FC1DC98C1500D8A89E /* AdjustorViewTextField.swift */ = {isa = PBXFileReference; fileEncoding = 4; lastKnownFileType = sourcecode.swift; path = AdjustorViewTextField.swift; sourceTree = "<group>"; };
		CB8FD3BD1DCC055000D6F5D7 /* ImageCollectionViewHeader.swift */ = {isa = PBXFileReference; fileEncoding = 4; lastKnownFileType = sourcecode.swift; path = ImageCollectionViewHeader.swift; sourceTree = "<group>"; };
		CB90245B1DE51BEB00D5CC36 /* BatchTableViewHeader.xib */ = {isa = PBXFileReference; fileEncoding = 4; lastKnownFileType = file.xib; path = BatchTableViewHeader.xib; sourceTree = "<group>"; };
		CB90245D1DE51C0800D5CC36 /* BatchTableViewHeader.swift */ = {isa = PBXFileReference; fileEncoding = 4; lastKnownFileType = sourcecode.swift; path = BatchTableViewHeader.swift; sourceTree = "<group>"; };
		CB90245F1DE5221A00D5CC36 /* greyBorderView.swift */ = {isa = PBXFileReference; fileEncoding = 4; lastKnownFileType = sourcecode.swift; path = greyBorderView.swift; sourceTree = "<group>"; };
		CB9BF4781DD3B2C800F7DF40 /* ImageCollectionViewHeader.xib */ = {isa = PBXFileReference; fileEncoding = 4; lastKnownFileType = file.xib; path = ImageCollectionViewHeader.xib; sourceTree = "<group>"; };
		CBA2EBC71DA81D8D00EE3131 /* ParameterAdjustorDraggerView.swift */ = {isa = PBXFileReference; fileEncoding = 4; lastKnownFileType = sourcecode.swift; path = ParameterAdjustorDraggerView.swift; sourceTree = "<group>"; };
		CBAF48511DE651F6008D3FC9 /* ImageHelper.swift */ = {isa = PBXFileReference; fileEncoding = 4; lastKnownFileType = sourcecode.swift; path = ImageHelper.swift; sourceTree = "<group>"; };
		CBB816601E0DC14B00D96A83 /* TooltipImageView.swift */ = {isa = PBXFileReference; fileEncoding = 4; lastKnownFileType = sourcecode.swift; path = TooltipImageView.swift; sourceTree = "<group>"; };
		CBBF4FFA1DA17AEA00908FFE /* AudioVideoBridging.framework */ = {isa = PBXFileReference; lastKnownFileType = wrapper.framework; name = AudioVideoBridging.framework; path = System/Library/Frameworks/AudioVideoBridging.framework; sourceTree = SDKROOT; };
		CBBF4FFC1DA17AFE00908FFE /* AVFoundation.framework */ = {isa = PBXFileReference; lastKnownFileType = wrapper.framework; name = AVFoundation.framework; path = System/Library/Frameworks/AVFoundation.framework; sourceTree = SDKROOT; };
		CBBF4FFD1DA17AFE00908FFE /* AVKit.framework */ = {isa = PBXFileReference; lastKnownFileType = wrapper.framework; name = AVKit.framework; path = System/Library/Frameworks/AVKit.framework; sourceTree = SDKROOT; };
		CBBF50001DA17B3200908FFE /* AudioToolbox.framework */ = {isa = PBXFileReference; lastKnownFileType = wrapper.framework; name = AudioToolbox.framework; path = System/Library/Frameworks/AudioToolbox.framework; sourceTree = SDKROOT; };
		CBBF50011DA17B3200908FFE /* AudioUnit.framework */ = {isa = PBXFileReference; lastKnownFileType = wrapper.framework; name = AudioUnit.framework; path = System/Library/Frameworks/AudioUnit.framework; sourceTree = SDKROOT; };
		CBBF500A1DA17BAD00908FFE /* QTKit.framework */ = {isa = PBXFileReference; lastKnownFileType = wrapper.framework; name = QTKit.framework; path = System/Library/Frameworks/QTKit.framework; sourceTree = SDKROOT; };
		CBBF500E1DA17C3E00908FFE /* CoreAudio.framework */ = {isa = PBXFileReference; lastKnownFileType = wrapper.framework; name = CoreAudio.framework; path = System/Library/Frameworks/CoreAudio.framework; sourceTree = SDKROOT; };
		CBBF500F1DA17C3E00908FFE /* CoreAudioKit.framework */ = {isa = PBXFileReference; lastKnownFileType = wrapper.framework; name = CoreAudioKit.framework; path = System/Library/Frameworks/CoreAudioKit.framework; sourceTree = SDKROOT; };
		CBBF50101DA17C3E00908FFE /* CoreMedia.framework */ = {isa = PBXFileReference; lastKnownFileType = wrapper.framework; name = CoreMedia.framework; path = System/Library/Frameworks/CoreMedia.framework; sourceTree = SDKROOT; };
		CBBF50111DA17C3E00908FFE /* CoreVideo.framework */ = {isa = PBXFileReference; lastKnownFileType = wrapper.framework; name = CoreVideo.framework; path = System/Library/Frameworks/CoreVideo.framework; sourceTree = SDKROOT; };
		CBBF50161DA17C6A00908FFE /* VideoDecodeAcceleration.framework */ = {isa = PBXFileReference; lastKnownFileType = wrapper.framework; name = VideoDecodeAcceleration.framework; path = System/Library/Frameworks/VideoDecodeAcceleration.framework; sourceTree = SDKROOT; };
		CBBF50181DA17C7400908FFE /* CoreFoundation.framework */ = {isa = PBXFileReference; lastKnownFileType = wrapper.framework; name = CoreFoundation.framework; path = System/Library/Frameworks/CoreFoundation.framework; sourceTree = SDKROOT; };
		CBBF501A1DA17CB100908FFE /* VideoToolbox.framework */ = {isa = PBXFileReference; lastKnownFileType = wrapper.framework; name = VideoToolbox.framework; path = System/Library/Frameworks/VideoToolbox.framework; sourceTree = SDKROOT; };
		CBDD92461F4CCFDE005B814D /* info.png */ = {isa = PBXFileReference; lastKnownFileType = image.png; path = info.png; sourceTree = "<group>"; };
		CBE51BE21DE3E50600FA0126 /* MainTabbedViewController.swift */ = {isa = PBXFileReference; fileEncoding = 4; lastKnownFileType = sourcecode.swift; path = MainTabbedViewController.swift; sourceTree = "<group>"; };
		CBE51BE41DE4013D00FA0126 /* BatchTableViewController.swift */ = {isa = PBXFileReference; fileEncoding = 4; lastKnownFileType = sourcecode.swift; path = BatchTableViewController.swift; sourceTree = "<group>"; };
		CBE51BE61DE40C0A00FA0126 /* BatchFileTableCellView.swift */ = {isa = PBXFileReference; fileEncoding = 4; lastKnownFileType = sourcecode.swift; path = BatchFileTableCellView.swift; sourceTree = "<group>"; };
		CBE51BE81DE4B1E600FA0126 /* BatchFileTableView.swift */ = {isa = PBXFileReference; fileEncoding = 4; lastKnownFileType = sourcecode.swift; path = BatchFileTableView.swift; sourceTree = "<group>"; };
		CBE72CBD1DCA8FEE004FE16E /* FrameWrapper.swift */ = {isa = PBXFileReference; fileEncoding = 4; lastKnownFileType = sourcecode.swift; path = FrameWrapper.swift; sourceTree = "<group>"; };
/* End PBXFileReference section */

/* Begin PBXFrameworksBuildPhase section */
		CB08289F1DA0C4D900CD4C36 /* Frameworks */ = {
			isa = PBXFrameworksBuildPhase;
			buildActionMask = 2147483647;
			files = (
				CB245FCC1DC185E900DBE5FA /* QuartzCore.framework in Frameworks */,
				CB115D6524608AEC0033D8B1 /* libavutil.56.31.100.dylib in Frameworks */,
				CBBF501B1DA17CB100908FFE /* VideoToolbox.framework in Frameworks */,
				CBBF50191DA17C7400908FFE /* CoreFoundation.framework in Frameworks */,
				CBBF50171DA17C6A00908FFE /* VideoDecodeAcceleration.framework in Frameworks */,
				CB115D6724608AEC0033D8B1 /* libmediainfo.0.dylib in Frameworks */,
				CBBF50121DA17C3E00908FFE /* CoreAudio.framework in Frameworks */,
				CBBF50131DA17C3E00908FFE /* CoreAudioKit.framework in Frameworks */,
				CBBF50141DA17C3E00908FFE /* CoreMedia.framework in Frameworks */,
				CB115D6324608AEC0033D8B1 /* libavformat.58.29.100.dylib in Frameworks */,
				CB115D6124608AEC0033D8B1 /* libavcodec.58.54.100.dylib in Frameworks */,
				CBBF50151DA17C3E00908FFE /* CoreVideo.framework in Frameworks */,
				CB115D6D24608AEC0033D8B1 /* libMagickWand-7.Q16HDRI.7.dylib in Frameworks */,
				CBBF50031DA17B3200908FFE /* AudioUnit.framework in Frameworks */,
				CBBF4FFE1DA17AFE00908FFE /* AVFoundation.framework in Frameworks */,
				CBBF4FFF1DA17AFE00908FFE /* AVKit.framework in Frameworks */,
				CBBF4FFB1DA17AEA00908FFE /* AudioVideoBridging.framework in Frameworks */,
				CB115D6924608AEC0033D8B1 /* libswscale.5.5.100.dylib in Frameworks */,
				CBBF50021DA17B3200908FFE /* AudioToolbox.framework in Frameworks */,
			);
			runOnlyForDeploymentPostprocessing = 0;
		};
		CB0828B11DA0C4D900CD4C36 /* Frameworks */ = {
			isa = PBXFrameworksBuildPhase;
			buildActionMask = 2147483647;
			files = (
			);
			runOnlyForDeploymentPostprocessing = 0;
		};
/* End PBXFrameworksBuildPhase section */

/* Begin PBXGroup section */
		CB0828991DA0C4D900CD4C36 = {
			isa = PBXGroup;
			children = (
				CB115D732460A1580033D8B1 /* ImageMagick */,
				CB0828A41DA0C4D900CD4C36 /* ContactSheetz */,
				CB0828B71DA0C4D900CD4C36 /* ContactSheetzTests */,
				CB0828A31DA0C4D900CD4C36 /* Products */,
				CBBF4FF91DA17AEA00908FFE /* Frameworks */,
			);
			sourceTree = "<group>";
		};
		CB0828A31DA0C4D900CD4C36 /* Products */ = {
			isa = PBXGroup;
			children = (
				CB0828A21DA0C4D900CD4C36 /* ContactSheetz.app */,
				CB0828B41DA0C4D900CD4C36 /* ContactSheetzTests.xctest */,
			);
			name = Products;
			sourceTree = "<group>";
		};
		CB0828A41DA0C4D900CD4C36 /* ContactSheetz */ = {
			isa = PBXGroup;
			children = (
				CB76C1B31DD24B0300FAE769 /* Extensions */,
				CBE72CBC1DCA8FC2004FE16E /* Classes */,
				CB8174F51DC96E8200D8A89E /* InputFields */,
				CB8174EB1DC9699400D8A89E /* Views */,
				CB245FD11DC2BF8300DBE5FA /* Resources */,
				CB0828C41DA0D05000CD4C36 /* Helpers */,
				CB0828A71DA0C4D900CD4C36 /* AppDelegate.swift */,
				CB6A31EE1DA6A86200BDF5C5 /* TabbedPreviewViewController.swift */,
				CB22C2C11DC7E533003F2E1D /* ContactSheetz-Bridging-Header.h */,
				CB03BFE91DA417180053E4CB /* PreviewViewController.swift */,
				CB0828AB1DA0C4D900CD4C36 /* Images.xcassets */,
				CB0828AD1DA0C4D900CD4C36 /* Main.storyboard */,
				CB0828A51DA0C4D900CD4C36 /* Supporting Files */,
				CB03BFF91DA49E8E0053E4CB /* ImageCollectionLayout.swift */,
				CB243BB51DD0EDE300933617 /* SettingsController.swift */,
				CB7BBE581DDA278C009EE0E5 /* ContactSheetViewController.swift */,
				CB0828A91DA0C4D900CD4C36 /* MainViewController.swift */,
				CBE51BE21DE3E50600FA0126 /* MainTabbedViewController.swift */,
				CBE51BE41DE4013D00FA0126 /* BatchTableViewController.swift */,
			);
			path = ContactSheetz;
			sourceTree = "<group>";
		};
		CB0828A51DA0C4D900CD4C36 /* Supporting Files */ = {
			isa = PBXGroup;
			children = (
				CB0828A61DA0C4D900CD4C36 /* Info.plist */,
			);
			name = "Supporting Files";
			sourceTree = "<group>";
		};
		CB0828B71DA0C4D900CD4C36 /* ContactSheetzTests */ = {
			isa = PBXGroup;
			children = (
				CB0828BA1DA0C4D900CD4C36 /* ContactSheetzTests.swift */,
				CB0828B81DA0C4D900CD4C36 /* Supporting Files */,
			);
			path = ContactSheetzTests;
			sourceTree = "<group>";
		};
		CB0828B81DA0C4D900CD4C36 /* Supporting Files */ = {
			isa = PBXGroup;
			children = (
				CB0828B91DA0C4D900CD4C36 /* Info.plist */,
			);
			name = "Supporting Files";
			sourceTree = "<group>";
		};
		CB0828C41DA0D05000CD4C36 /* Helpers */ = {
			isa = PBXGroup;
			children = (
				CB0828C51DA0D0AE00CD4C36 /* GifCreationHelper.swift */,
				CB0828D01DA0DA3500CD4C36 /* VideoFrameExtractor.swift */,
				CB245FC91DC140CB00DBE5FA /* ContactSheetCreator.swift */,
				CB76C1B11DD239AF00FAE769 /* Constants.swift */,
				CBAF48511DE651F6008D3FC9 /* ImageHelper.swift */,
			);
			name = Helpers;
			sourceTree = "<group>";
		};
		CB245FD11DC2BF8300DBE5FA /* Resources */ = {
			isa = PBXGroup;
			children = (
				CB55A9971F605AA200C1F19A /* button.png */,
				CB55A9981F605AA200C1F19A /* pushed_button.png */,
				CBDD92461F4CCFDE005B814D /* info.png */,
				CB245FD81DC2D2F900DBE5FA /* question_mark.png */,
				CB245FD21DC2BF9000DBE5FA /* checkmark.png */,
				CB245FD31DC2BF9000DBE5FA /* cross.png */,
			);
			name = Resources;
			sourceTree = "<group>";
		};
		CB76C1B31DD24B0300FAE769 /* Extensions */ = {
			isa = PBXGroup;
			children = (
				CB76C1B41DD24B2000FAE769 /* HexColorExtension.swift */,
				CB05AC2B1F4C8E86009075C1 /* StringExtension.swift */,
				CB4686021F61DC580042F6C4 /* NSImageExtension.swift */,
			);
			name = Extensions;
			sourceTree = "<group>";
		};
		CB8174EB1DC9699400D8A89E /* Views */ = {
			isa = PBXGroup;
			children = (
				CB245FDA1DC2D3FC00DBE5FA /* OpaqueImageView.swift */,
				CB03BFF31DA44D860053E4CB /* ImageCollectionViewItem.swift */,
				CB03BFF41DA44D860053E4CB /* ImageCollectionViewItem.xib */,
				CB6A31EC1DA5D9D200BDF5C5 /* OverlayView.swift */,
				CB6A31F01DA7FE8100BDF5C5 /* ParameterAdjustorView.swift */,
				CB6A31F21DA7FE9700BDF5C5 /* ParameterAdjustorView.xib */,
				CB270BEB1DF36536004453D1 /* BatchSettingsView.swift */,
				CB5AA6071F4D26A100A9F542 /* BatchSettingsView.xib */,
				CBA2EBC71DA81D8D00EE3131 /* ParameterAdjustorDraggerView.swift */,
				CB245FCD1DC24B5700DBE5FA /* FileDropView.swift */,
				CB245FCF1DC2B7C100DBE5FA /* MainWindowView.swift */,
				CB8FD3BD1DCC055000D6F5D7 /* ImageCollectionViewHeader.swift */,
				CB76C1B61DD2501600FAE769 /* ImageCollectionViewClip.swift */,
				CB9BF4781DD3B2C800F7DF40 /* ImageCollectionViewHeader.xib */,
				CB7BBE5A1DDA4D5F009EE0E5 /* PreviewScrollView.swift */,
				CB7BBE5C1DDA5965009EE0E5 /* FlippedView.swift */,
				CB7BBE5E1DDBE4B0009EE0E5 /* ParameterAdjustorOverlayView.swift */,
				CBE51BE61DE40C0A00FA0126 /* BatchFileTableCellView.swift */,
				CBE51BE81DE4B1E600FA0126 /* BatchFileTableView.swift */,
				CB90245D1DE51C0800D5CC36 /* BatchTableViewHeader.swift */,
				CB90245B1DE51BEB00D5CC36 /* BatchTableViewHeader.xib */,
				CB90245F1DE5221A00D5CC36 /* greyBorderView.swift */,
				CBB816601E0DC14B00D96A83 /* TooltipImageView.swift */,
				CB05AC291F4C833B009075C1 /* GroupedHeaderButton.swift */,
				CB55A9911F604E9E00C1F19A /* BlueButton.swift */,
			);
			name = Views;
			sourceTree = "<group>";
		};
		CB8174F51DC96E8200D8A89E /* InputFields */ = {
			isa = PBXGroup;
			children = (
				CB8174F81DC972BC00D8A89E /* NonNegativeIntegerTextField.swift */,
				CB8174FA1DC98A9200D8A89E /* PositiveIntegerTextField.swift */,
				CB8174FC1DC98C1500D8A89E /* AdjustorViewTextField.swift */,
			);
			name = InputFields;
			sourceTree = "<group>";
		};
		CBBF4FF91DA17AEA00908FFE /* Frameworks */ = {
			isa = PBXGroup;
			children = (
				CB115D6F246093040033D8B1 /* libpng16.16.dylib */,
				CB115D5E246089D30033D8B1 /* libMagickWand-7.Q16HDRI.7.dylib */,
				CB115D6C24608AEC0033D8B1 /* libMagickWand-7.Q16HDRI.7.dylib */,
				CB115D592460891D0033D8B1 /* libMagickCore-7.Q16HDRI.7.dylib */,
				CB115D4524607DB80033D8B1 /* libavcodec.58.54.100.dylib */,
				CB115D4624607DB80033D8B1 /* libavformat.58.29.100.dylib */,
				CB115D4324607DB80033D8B1 /* libavutil.56.31.100.dylib */,
				CB115D4724607DB80033D8B1 /* libmediainfo.0.dylib */,
				CB115D4824607DB80033D8B1 /* libswscale.5.5.100.dylib */,
				CB245FCB1DC185E900DBE5FA /* QuartzCore.framework */,
				CBBF501A1DA17CB100908FFE /* VideoToolbox.framework */,
				CBBF50181DA17C7400908FFE /* CoreFoundation.framework */,
				CBBF50161DA17C6A00908FFE /* VideoDecodeAcceleration.framework */,
				CBBF500E1DA17C3E00908FFE /* CoreAudio.framework */,
				CBBF500F1DA17C3E00908FFE /* CoreAudioKit.framework */,
				CBBF50101DA17C3E00908FFE /* CoreMedia.framework */,
				CBBF50111DA17C3E00908FFE /* CoreVideo.framework */,
				CBBF500A1DA17BAD00908FFE /* QTKit.framework */,
				CBBF50001DA17B3200908FFE /* AudioToolbox.framework */,
				CBBF50011DA17B3200908FFE /* AudioUnit.framework */,
				CBBF4FFC1DA17AFE00908FFE /* AVFoundation.framework */,
				CBBF4FFD1DA17AFE00908FFE /* AVKit.framework */,
				CBBF4FFA1DA17AEA00908FFE /* AudioVideoBridging.framework */,
			);
			name = Frameworks;
			sourceTree = "<group>";
		};
		CBE72CBC1DCA8FC2004FE16E /* Classes */ = {
			isa = PBXGroup;
			children = (
				CBE72CBD1DCA8FEE004FE16E /* FrameWrapper.swift */,
			);
			name = Classes;
			sourceTree = "<group>";
		};
/* End PBXGroup section */

/* Begin PBXNativeTarget section */
		CB0828A11DA0C4D900CD4C36 /* ContactSheetz */ = {
			isa = PBXNativeTarget;
			buildConfigurationList = CB0828BE1DA0C4D900CD4C36 /* Build configuration list for PBXNativeTarget "ContactSheetz" */;
			buildPhases = (
				CB08289E1DA0C4D900CD4C36 /* Sources */,
				CB08289F1DA0C4D900CD4C36 /* Frameworks */,
				CB0828A01DA0C4D900CD4C36 /* Resources */,
				CB115D6B24608AEC0033D8B1 /* Embed Libraries */,
			);
			buildRules = (
			);
			dependencies = (
			);
			name = ContactSheetz;
			productName = ContactSheetz;
			productReference = CB0828A21DA0C4D900CD4C36 /* ContactSheetz.app */;
			productType = "com.apple.product-type.application";
		};
		CB0828B31DA0C4D900CD4C36 /* ContactSheetzTests */ = {
			isa = PBXNativeTarget;
			buildConfigurationList = CB0828C11DA0C4D900CD4C36 /* Build configuration list for PBXNativeTarget "ContactSheetzTests" */;
			buildPhases = (
				CB0828B01DA0C4D900CD4C36 /* Sources */,
				CB0828B11DA0C4D900CD4C36 /* Frameworks */,
				CB0828B21DA0C4D900CD4C36 /* Resources */,
			);
			buildRules = (
			);
			dependencies = (
				CB0828B61DA0C4D900CD4C36 /* PBXTargetDependency */,
			);
			name = ContactSheetzTests;
			productName = ContactSheetzTests;
			productReference = CB0828B41DA0C4D900CD4C36 /* ContactSheetzTests.xctest */;
			productType = "com.apple.product-type.bundle.unit-test";
		};
/* End PBXNativeTarget section */

/* Begin PBXProject section */
		CB08289A1DA0C4D900CD4C36 /* Project object */ = {
			isa = PBXProject;
			attributes = {
				LastUpgradeCheck = 1140;
				ORGANIZATIONNAME = "James Hicklin";
				TargetAttributes = {
					CB0828A11DA0C4D900CD4C36 = {
						CreatedOnToolsVersion = 6.4;
						DevelopmentTeam = 562NVM37S5;
						LastSwiftMigration = 0800;
						ProvisioningStyle = Manual;
					};
					CB0828B31DA0C4D900CD4C36 = {
						CreatedOnToolsVersion = 6.4;
						LastSwiftMigration = 0800;
						TestTargetID = CB0828A11DA0C4D900CD4C36;
					};
				};
			};
			buildConfigurationList = CB08289D1DA0C4D900CD4C36 /* Build configuration list for PBXProject "ContactSheetz" */;
			compatibilityVersion = "Xcode 3.2";
			developmentRegion = English;
			hasScannedForEncodings = 0;
			knownRegions = (
				English,
				en,
				Base,
			);
			mainGroup = CB0828991DA0C4D900CD4C36;
			productRefGroup = CB0828A31DA0C4D900CD4C36 /* Products */;
			projectDirPath = "";
			projectRoot = "";
			targets = (
				CB0828A11DA0C4D900CD4C36 /* ContactSheetz */,
				CB0828B31DA0C4D900CD4C36 /* ContactSheetzTests */,
			);
		};
/* End PBXProject section */

/* Begin PBXResourcesBuildPhase section */
		CB0828A01DA0C4D900CD4C36 /* Resources */ = {
			isa = PBXResourcesBuildPhase;
			buildActionMask = 2147483647;
			files = (
				CB55A99A1F605AA200C1F19A /* pushed_button.png in Resources */,
				CB245FD51DC2BF9000DBE5FA /* cross.png in Resources */,
				CB55A9991F605AA200C1F19A /* button.png in Resources */,
				CB5AA6081F4D26A100A9F542 /* BatchSettingsView.xib in Resources */,
				CB9BF4791DD3B2C800F7DF40 /* ImageCollectionViewHeader.xib in Resources */,
				CB03BFF61DA44D860053E4CB /* ImageCollectionViewItem.xib in Resources */,
				CB245FD41DC2BF9000DBE5FA /* checkmark.png in Resources */,
				CB0828AC1DA0C4D900CD4C36 /* Images.xcassets in Resources */,
				CB0828AF1DA0C4D900CD4C36 /* Main.storyboard in Resources */,
				CB6A31F31DA7FE9700BDF5C5 /* ParameterAdjustorView.xib in Resources */,
				CB245FD91DC2D2F900DBE5FA /* question_mark.png in Resources */,
				CB90245C1DE51BEB00D5CC36 /* BatchTableViewHeader.xib in Resources */,
				CBDD92471F4CCFDE005B814D /* info.png in Resources */,
			);
			runOnlyForDeploymentPostprocessing = 0;
		};
		CB0828B21DA0C4D900CD4C36 /* Resources */ = {
			isa = PBXResourcesBuildPhase;
			buildActionMask = 2147483647;
			files = (
			);
			runOnlyForDeploymentPostprocessing = 0;
		};
/* End PBXResourcesBuildPhase section */

/* Begin PBXSourcesBuildPhase section */
		CB08289E1DA0C4D900CD4C36 /* Sources */ = {
			isa = PBXSourcesBuildPhase;
			buildActionMask = 2147483647;
			files = (
				CB8174FD1DC98C1500D8A89E /* AdjustorViewTextField.swift in Sources */,
				CB76C1B21DD239AF00FAE769 /* Constants.swift in Sources */,
				CB6A31F11DA7FE8100BDF5C5 /* ParameterAdjustorView.swift in Sources */,
				CB0828AA1DA0C4D900CD4C36 /* MainViewController.swift in Sources */,
				CB243BB61DD0EDE300933617 /* SettingsController.swift in Sources */,
				CB6A31ED1DA5D9D200BDF5C5 /* OverlayView.swift in Sources */,
				CBAF48521DE651F6008D3FC9 /* ImageHelper.swift in Sources */,
				CBB816611E0DC14B00D96A83 /* TooltipImageView.swift in Sources */,
				CB245FD01DC2B7C100DBE5FA /* MainWindowView.swift in Sources */,
				CB05AC2A1F4C833B009075C1 /* GroupedHeaderButton.swift in Sources */,
				CB270BEC1DF36536004453D1 /* BatchSettingsView.swift in Sources */,
				CB05AC2C1F4C8E86009075C1 /* StringExtension.swift in Sources */,
				CB8FD3BE1DCC055000D6F5D7 /* ImageCollectionViewHeader.swift in Sources */,
				CB7BBE5B1DDA4D5F009EE0E5 /* PreviewScrollView.swift in Sources */,
				CB9024601DE5221A00D5CC36 /* greyBorderView.swift in Sources */,
				CBA2EBC81DA81D8D00EE3131 /* ParameterAdjustorDraggerView.swift in Sources */,
				CB245FDB1DC2D3FC00DBE5FA /* OpaqueImageView.swift in Sources */,
				CB4686031F61DC580042F6C4 /* NSImageExtension.swift in Sources */,
				CBE51BE71DE40C0A00FA0126 /* BatchFileTableCellView.swift in Sources */,
				CB0828C61DA0D0AE00CD4C36 /* GifCreationHelper.swift in Sources */,
				CB245FCA1DC140CB00DBE5FA /* ContactSheetCreator.swift in Sources */,
				CB0828D11DA0DA3500CD4C36 /* VideoFrameExtractor.swift in Sources */,
				CBE72CBE1DCA8FEE004FE16E /* FrameWrapper.swift in Sources */,
				CB7BBE5F1DDBE4B0009EE0E5 /* ParameterAdjustorOverlayView.swift in Sources */,
				CBE51BE31DE3E50600FA0126 /* MainTabbedViewController.swift in Sources */,
				CB90245E1DE51C0800D5CC36 /* BatchTableViewHeader.swift in Sources */,
				CB03BFEA1DA417180053E4CB /* PreviewViewController.swift in Sources */,
				CB76C1B51DD24B2000FAE769 /* HexColorExtension.swift in Sources */,
				CB8174FB1DC98A9200D8A89E /* PositiveIntegerTextField.swift in Sources */,
				CB7BBE591DDA278C009EE0E5 /* ContactSheetViewController.swift in Sources */,
				CB8174F91DC972BC00D8A89E /* NonNegativeIntegerTextField.swift in Sources */,
				CB76C1B71DD2501600FAE769 /* ImageCollectionViewClip.swift in Sources */,
				CB55A9921F604E9E00C1F19A /* BlueButton.swift in Sources */,
				CBE51BE91DE4B1E600FA0126 /* BatchFileTableView.swift in Sources */,
				CB7BBE5D1DDA5965009EE0E5 /* FlippedView.swift in Sources */,
				CB245FCE1DC24B5700DBE5FA /* FileDropView.swift in Sources */,
				CB0828A81DA0C4D900CD4C36 /* AppDelegate.swift in Sources */,
				CB03BFF51DA44D860053E4CB /* ImageCollectionViewItem.swift in Sources */,
				CB6A31EF1DA6A86200BDF5C5 /* TabbedPreviewViewController.swift in Sources */,
				CBE51BE51DE4013D00FA0126 /* BatchTableViewController.swift in Sources */,
				CB03BFFA1DA49E8E0053E4CB /* ImageCollectionLayout.swift in Sources */,
			);
			runOnlyForDeploymentPostprocessing = 0;
		};
		CB0828B01DA0C4D900CD4C36 /* Sources */ = {
			isa = PBXSourcesBuildPhase;
			buildActionMask = 2147483647;
			files = (
				CB0828BB1DA0C4D900CD4C36 /* ContactSheetzTests.swift in Sources */,
			);
			runOnlyForDeploymentPostprocessing = 0;
		};
/* End PBXSourcesBuildPhase section */

/* Begin PBXTargetDependency section */
		CB0828B61DA0C4D900CD4C36 /* PBXTargetDependency */ = {
			isa = PBXTargetDependency;
			target = CB0828A11DA0C4D900CD4C36 /* ContactSheetz */;
			targetProxy = CB0828B51DA0C4D900CD4C36 /* PBXContainerItemProxy */;
		};
/* End PBXTargetDependency section */

/* Begin PBXVariantGroup section */
		CB0828AD1DA0C4D900CD4C36 /* Main.storyboard */ = {
			isa = PBXVariantGroup;
			children = (
				CB0828AE1DA0C4D900CD4C36 /* Base */,
			);
			name = Main.storyboard;
			sourceTree = "<group>";
		};
/* End PBXVariantGroup section */

/* Begin XCBuildConfiguration section */
		CB0828BC1DA0C4D900CD4C36 /* Debug */ = {
			isa = XCBuildConfiguration;
			buildSettings = {
				ALWAYS_SEARCH_USER_PATHS = NO;
				CLANG_ANALYZER_LOCALIZABILITY_NONLOCALIZED = YES;
				CLANG_CXX_LANGUAGE_STANDARD = "gnu++0x";
				CLANG_CXX_LIBRARY = "libc++";
				CLANG_ENABLE_MODULES = YES;
				CLANG_ENABLE_OBJC_ARC = YES;
				CLANG_WARN_BLOCK_CAPTURE_AUTORELEASING = YES;
				CLANG_WARN_BOOL_CONVERSION = YES;
				CLANG_WARN_COMMA = YES;
				CLANG_WARN_CONSTANT_CONVERSION = YES;
				CLANG_WARN_DEPRECATED_OBJC_IMPLEMENTATIONS = YES;
				CLANG_WARN_DIRECT_OBJC_ISA_USAGE = YES_ERROR;
				CLANG_WARN_EMPTY_BODY = YES;
				CLANG_WARN_ENUM_CONVERSION = YES;
				CLANG_WARN_INFINITE_RECURSION = YES;
				CLANG_WARN_INT_CONVERSION = YES;
				CLANG_WARN_NON_LITERAL_NULL_CONVERSION = YES;
				CLANG_WARN_OBJC_IMPLICIT_RETAIN_SELF = YES;
				CLANG_WARN_OBJC_LITERAL_CONVERSION = YES;
				CLANG_WARN_OBJC_ROOT_CLASS = YES_ERROR;
				CLANG_WARN_RANGE_LOOP_ANALYSIS = YES;
				CLANG_WARN_STRICT_PROTOTYPES = YES;
				CLANG_WARN_SUSPICIOUS_MOVE = YES;
				CLANG_WARN_UNREACHABLE_CODE = YES;
				CLANG_WARN__DUPLICATE_METHOD_MATCH = YES;
				CODE_SIGN_IDENTITY = "-";
				COPY_PHASE_STRIP = NO;
				DEBUG_INFORMATION_FORMAT = dwarf;
				ENABLE_STRICT_OBJC_MSGSEND = YES;
				ENABLE_TESTABILITY = YES;
				GCC_C_LANGUAGE_STANDARD = gnu99;
				GCC_DYNAMIC_NO_PIC = NO;
				GCC_NO_COMMON_BLOCKS = YES;
				GCC_OPTIMIZATION_LEVEL = 0;
				GCC_PREPROCESSOR_DEFINITIONS = (
					"DEBUG=1",
					"$(inherited)",
				);
				GCC_SYMBOLS_PRIVATE_EXTERN = NO;
				GCC_WARN_64_TO_32_BIT_CONVERSION = YES;
				GCC_WARN_ABOUT_RETURN_TYPE = YES_ERROR;
				GCC_WARN_UNDECLARED_SELECTOR = YES;
				GCC_WARN_UNINITIALIZED_AUTOS = YES_AGGRESSIVE;
				GCC_WARN_UNUSED_FUNCTION = YES;
				GCC_WARN_UNUSED_VARIABLE = YES;
				MACOSX_DEPLOYMENT_TARGET = 10.12;
				MTL_ENABLE_DEBUG_INFO = YES;
				ONLY_ACTIVE_ARCH = YES;
				SDKROOT = macosx;
				SWIFT_OPTIMIZATION_LEVEL = "-Onone";
			};
			name = Debug;
		};
		CB0828BD1DA0C4D900CD4C36 /* Release */ = {
			isa = XCBuildConfiguration;
			buildSettings = {
				ALWAYS_SEARCH_USER_PATHS = NO;
				CLANG_ANALYZER_LOCALIZABILITY_NONLOCALIZED = YES;
				CLANG_CXX_LANGUAGE_STANDARD = "gnu++0x";
				CLANG_CXX_LIBRARY = "libc++";
				CLANG_ENABLE_MODULES = YES;
				CLANG_ENABLE_OBJC_ARC = YES;
				CLANG_WARN_BLOCK_CAPTURE_AUTORELEASING = YES;
				CLANG_WARN_BOOL_CONVERSION = YES;
				CLANG_WARN_COMMA = YES;
				CLANG_WARN_CONSTANT_CONVERSION = YES;
				CLANG_WARN_DEPRECATED_OBJC_IMPLEMENTATIONS = YES;
				CLANG_WARN_DIRECT_OBJC_ISA_USAGE = YES_ERROR;
				CLANG_WARN_EMPTY_BODY = YES;
				CLANG_WARN_ENUM_CONVERSION = YES;
				CLANG_WARN_INFINITE_RECURSION = YES;
				CLANG_WARN_INT_CONVERSION = YES;
				CLANG_WARN_NON_LITERAL_NULL_CONVERSION = YES;
				CLANG_WARN_OBJC_IMPLICIT_RETAIN_SELF = YES;
				CLANG_WARN_OBJC_LITERAL_CONVERSION = YES;
				CLANG_WARN_OBJC_ROOT_CLASS = YES_ERROR;
				CLANG_WARN_RANGE_LOOP_ANALYSIS = YES;
				CLANG_WARN_STRICT_PROTOTYPES = YES;
				CLANG_WARN_SUSPICIOUS_MOVE = YES;
				CLANG_WARN_UNREACHABLE_CODE = YES;
				CLANG_WARN__DUPLICATE_METHOD_MATCH = YES;
				CODE_SIGN_IDENTITY = "-";
				COPY_PHASE_STRIP = NO;
				DEBUG_INFORMATION_FORMAT = "dwarf-with-dsym";
				ENABLE_NS_ASSERTIONS = NO;
				ENABLE_STRICT_OBJC_MSGSEND = YES;
				GCC_C_LANGUAGE_STANDARD = gnu99;
				GCC_NO_COMMON_BLOCKS = YES;
				GCC_WARN_64_TO_32_BIT_CONVERSION = YES;
				GCC_WARN_ABOUT_RETURN_TYPE = YES_ERROR;
				GCC_WARN_UNDECLARED_SELECTOR = YES;
				GCC_WARN_UNINITIALIZED_AUTOS = YES_AGGRESSIVE;
				GCC_WARN_UNUSED_FUNCTION = YES;
				GCC_WARN_UNUSED_VARIABLE = YES;
				MACOSX_DEPLOYMENT_TARGET = 10.12;
				MTL_ENABLE_DEBUG_INFO = NO;
				PRODUCT_NAME = ContactSheetz;
				SDKROOT = macosx;
				SWIFT_OPTIMIZATION_LEVEL = "-Owholemodule";
			};
			name = Release;
		};
		CB0828BF1DA0C4D900CD4C36 /* Debug */ = {
			isa = XCBuildConfiguration;
			buildSettings = {
				ASSETCATALOG_COMPILER_APPICON_NAME = AppIcon;
				CLANG_ENABLE_MODULES = YES;
				CODE_SIGN_IDENTITY = "-";
				COMBINE_HIDPI_IMAGES = YES;
				DEVELOPMENT_TEAM = 562NVM37S5;
				GCC_WARN_ABOUT_DEPRECATED_FUNCTIONS = YES;
				GCC_WARN_STRICT_SELECTOR_MATCH = NO;
				HEADER_SEARCH_PATHS = (
					"$(inherited)",
					/Applications/Xcode.app/Contents/Developer/Toolchains/XcodeDefault.xctoolchain/usr/include,
					"/usr/local/Cellar/ffmpeg/4.2.2_2/**",
					"/usr/local/Cellar/media-info/20.03/include/MediaInfoDLL",
					"/usr/local/Cellar/imagemagick/7.0.9-27/include/ImageMagick-7",
				);
				INFOPLIST_FILE = ContactSheetz/Info.plist;
				LD_DYLIB_INSTALL_NAME = "@executable_path/../Frameworks/$(EXECUTABLE_PATH)";
				LD_RUNPATH_SEARCH_PATHS = "$(inherited)";
				LIBRARY_SEARCH_PATHS = (
					"$(inherited)",
					"$(PROJECT_DIR)/Libs",
				);
				MACOSX_DEPLOYMENT_TARGET = 10.13;
				OTHER_CODE_SIGN_FLAGS = "--deep";
				OTHER_LDFLAGS = "-headerpad_max_install_names";
				PRODUCT_BUNDLE_IDENTIFIER = "James-Hicklin.$(PRODUCT_NAME:rfc1034identifier)";
				PRODUCT_NAME = "$(TARGET_NAME)";
				PROVISIONING_PROFILE = "";
				PROVISIONING_PROFILE_SPECIFIER = "";
				SDKROOT = macosx;
				SWIFT_OBJC_BRIDGING_HEADER = "ContactSheetz-Bridging-Header.h";
				SWIFT_OPTIMIZATION_LEVEL = "-Onone";
				SWIFT_VERSION = 4.0;
			};
			name = Debug;
		};
		CB0828C01DA0C4D900CD4C36 /* Release */ = {
			isa = XCBuildConfiguration;
			buildSettings = {
				ASSETCATALOG_COMPILER_APPICON_NAME = AppIcon;
				CLANG_ENABLE_MODULES = YES;
				CODE_SIGN_IDENTITY = "-";
				COMBINE_HIDPI_IMAGES = YES;
				DEVELOPMENT_TEAM = 562NVM37S5;
				GCC_WARN_ABOUT_DEPRECATED_FUNCTIONS = YES;
				GCC_WARN_STRICT_SELECTOR_MATCH = NO;
				HEADER_SEARCH_PATHS = (
					"$(inherited)",
					/Applications/Xcode.app/Contents/Developer/Toolchains/XcodeDefault.xctoolchain/usr/include,
					"/usr/local/Cellar/ffmpeg/4.2.2_2/**",
					"/usr/local/Cellar/media-info/20.03/include/MediaInfoDLL",
					"/usr/local/Cellar/imagemagick/7.0.9-27/include/ImageMagick-7",
				);
				INFOPLIST_FILE = ContactSheetz/Info.plist;
				LD_DYLIB_INSTALL_NAME = "@executable_path/../Frameworks/$(EXECUTABLE_PATH)";
				"LD_DYLIB_INSTALL_NAME[arch=*]" = "";
				LD_RUNPATH_SEARCH_PATHS = "$(inherited)";
				LIBRARY_SEARCH_PATHS = (
					"$(inherited)",
					"$(PROJECT_DIR)/Libs",
				);
				MACOSX_DEPLOYMENT_TARGET = 10.13;
				OTHER_CODE_SIGN_FLAGS = "--deep";
				OTHER_LDFLAGS = "-headerpad_max_install_names";
				PRODUCT_BUNDLE_IDENTIFIER = "James-Hicklin.$(PRODUCT_NAME:rfc1034identifier)";
				PRODUCT_NAME = "$(TARGET_NAME)";
				PROVISIONING_PROFILE = "";
				PROVISIONING_PROFILE_SPECIFIER = "";
				SDKROOT = macosx;
				SWIFT_COMPILATION_MODE = wholemodule;
				SWIFT_OBJC_BRIDGING_HEADER = "ContactSheetz-Bridging-Header.h";
				SWIFT_OPTIMIZATION_LEVEL = "-Onone";
				SWIFT_VERSION = 4.0;
			};
			name = Release;
		};
		CB0828C21DA0C4D900CD4C36 /* Debug */ = {
			isa = XCBuildConfiguration;
			buildSettings = {
				BUNDLE_LOADER = "$(TEST_HOST)";
				COMBINE_HIDPI_IMAGES = YES;
				FRAMEWORK_SEARCH_PATHS = (
					"$(DEVELOPER_FRAMEWORKS_DIR)",
					"$(inherited)",
				);
				GCC_PREPROCESSOR_DEFINITIONS = (
					"DEBUG=1",
					"$(inherited)",
				);
				HEADER_SEARCH_PATHS = "";
				INFOPLIST_FILE = ContactSheetzTests/Info.plist;
				LD_RUNPATH_SEARCH_PATHS = "$(inherited) @executable_path/../Frameworks @loader_path/../Frameworks";
				LIBRARY_SEARCH_PATHS = "";
				MACOSX_DEPLOYMENT_TARGET = 10.14;
				PRODUCT_BUNDLE_IDENTIFIER = "James-Hicklin.$(PRODUCT_NAME:rfc1034identifier)";
				PRODUCT_NAME = "$(TARGET_NAME)";
				SDKROOT = macosx;
				SWIFT_VERSION = 4.0;
				TEST_HOST = "$(BUILT_PRODUCTS_DIR)/ContactSheetz.app/Contents/MacOS/ContactSheetz";
				USER_HEADER_SEARCH_PATHS = "${PROJECT_DIR}/StaticLibs";
			};
			name = Debug;
		};
		CB0828C31DA0C4D900CD4C36 /* Release */ = {
			isa = XCBuildConfiguration;
			buildSettings = {
				BUNDLE_LOADER = "$(TEST_HOST)";
				COMBINE_HIDPI_IMAGES = YES;
				FRAMEWORK_SEARCH_PATHS = (
					"$(DEVELOPER_FRAMEWORKS_DIR)",
					"$(inherited)",
				);
				HEADER_SEARCH_PATHS = "";
				INFOPLIST_FILE = ContactSheetzTests/Info.plist;
				LD_RUNPATH_SEARCH_PATHS = "$(inherited) @executable_path/../Frameworks @loader_path/../Frameworks";
				LIBRARY_SEARCH_PATHS = "";
				MACOSX_DEPLOYMENT_TARGET = 10.14;
				PRODUCT_BUNDLE_IDENTIFIER = "James-Hicklin.$(PRODUCT_NAME:rfc1034identifier)";
				PRODUCT_NAME = "$(TARGET_NAME)";
				SDKROOT = macosx;
				SWIFT_VERSION = 4.0;
				TEST_HOST = "$(BUILT_PRODUCTS_DIR)/ContactSheetz.app/Contents/MacOS/ContactSheetz";
				USER_HEADER_SEARCH_PATHS = "${PROJECT_DIR}/StaticLibs";
			};
			name = Release;
		};
/* End XCBuildConfiguration section */

/* Begin XCConfigurationList section */
		CB08289D1DA0C4D900CD4C36 /* Build configuration list for PBXProject "ContactSheetz" */ = {
			isa = XCConfigurationList;
			buildConfigurations = (
				CB0828BC1DA0C4D900CD4C36 /* Debug */,
				CB0828BD1DA0C4D900CD4C36 /* Release */,
			);
			defaultConfigurationIsVisible = 0;
			defaultConfigurationName = Release;
		};
		CB0828BE1DA0C4D900CD4C36 /* Build configuration list for PBXNativeTarget "ContactSheetz" */ = {
			isa = XCConfigurationList;
			buildConfigurations = (
				CB0828BF1DA0C4D900CD4C36 /* Debug */,
				CB0828C01DA0C4D900CD4C36 /* Release */,
			);
			defaultConfigurationIsVisible = 0;
			defaultConfigurationName = Release;
		};
		CB0828C11DA0C4D900CD4C36 /* Build configuration list for PBXNativeTarget "ContactSheetzTests" */ = {
			isa = XCConfigurationList;
			buildConfigurations = (
				CB0828C21DA0C4D900CD4C36 /* Debug */,
				CB0828C31DA0C4D900CD4C36 /* Release */,
			);
			defaultConfigurationIsVisible = 0;
			defaultConfigurationName = Release;
		};
/* End XCConfigurationList section */
	};
	rootObject = CB08289A1DA0C4D900CD4C36 /* Project object */;
}
